
Microsoft Visual Studio Solution File, Format Version 12.00
# Visual Studio 14
VisualStudioVersion = 14.0.25420.1
MinimumVisualStudioVersion = 10.0.40219.1
Project("{FAE04EC0-301F-11D3-BF4B-00C04F79EFBC}") = "UI", "UI\UI.csproj", "{DA5630C7-BEF1-4E70-9801-C691D08E59B0}"
EndProject
Project("{FAE04EC0-301F-11D3-BF4B-00C04F79EFBC}") = "SolverCore", "SolverCore\SolverCore.csproj", "{EF02A481-1888-4B87-A0CA-A06BA48AC308}"
EndProject
Project("{FAE04EC0-301F-11D3-BF4B-00C04F79EFBC}") = "Tests", "Tests\Tests.csproj", "{C312B24C-931A-410F-8616-50E801B78A6C}"
EndProject
Global
	GlobalSection(SolutionConfigurationPlatforms) = preSolution
		Debug|Any CPU = Debug|Any CPU
		Release|Any CPU = Release|Any CPU
	EndGlobalSection
	GlobalSection(ProjectConfigurationPlatforms) = postSolution
		{DA5630C7-BEF1-4E70-9801-C691D08E59B0}.Debug|Any CPU.ActiveCfg = Debug|Any CPU
		{DA5630C7-BEF1-4E70-9801-C691D08E59B0}.Debug|Any CPU.Build.0 = Debug|Any CPU
		{DA5630C7-BEF1-4E70-9801-C691D08E59B0}.Release|Any CPU.ActiveCfg = Release|Any CPU
		{DA5630C7-BEF1-4E70-9801-C691D08E59B0}.Release|Any CPU.Build.0 = Release|Any CPU
		{EF02A481-1888-4B87-A0CA-A06BA48AC308}.Debug|Any CPU.ActiveCfg = Debug|Any CPU
		{EF02A481-1888-4B87-A0CA-A06BA48AC308}.Debug|Any CPU.Build.0 = Debug|Any CPU
		{EF02A481-1888-4B87-A0CA-A06BA48AC308}.Release|Any CPU.ActiveCfg = Release|Any CPU
		{EF02A481-1888-4B87-A0CA-A06BA48AC308}.Release|Any CPU.Build.0 = Release|Any CPU
		{C312B24C-931A-410F-8616-50E801B78A6C}.Debug|Any CPU.ActiveCfg = Debug|Any CPU
		{C312B24C-931A-410F-8616-50E801B78A6C}.Debug|Any CPU.Build.0 = Debug|Any CPU
		{C312B24C-931A-410F-8616-50E801B78A6C}.Release|Any CPU.ActiveCfg = Release|Any CPU
		{C312B24C-931A-410F-8616-50E801B78A6C}.Release|Any CPU.Build.0 = Release|Any CPU
	EndGlobalSection
	GlobalSection(SolutionProperties) = preSolution
		HideSolutionNode = FALSE
	EndGlobalSection
EndGlobal
